Microsoft Visual Studio Solution File, Format Version 12.00
# Visual Studio 14
VisualStudioVersion = 14.0.25420.1
MinimumVisualStudioVersion = 10.0.40219.1
Project("{FAE04EC0-301F-11D3-BF4B-00C04F79EFBC}") = "WideWorldCalendar", "WideWorldCalendar\WideWorldCalendar.csproj", "{EB52356F-3B24-41F5-BFEE-0B6504E233E5}"
EndProject
Project("{FAE04EC0-301F-11D3-BF4B-00C04F79EFBC}") = "WideWorldCalendar.iOS", "iOS\WideWorldCalendar.iOS.csproj", "{84FD2791-7BC8-450C-B895-F24C13D3FCEE}"
EndProject
Project("{FAE04EC0-301F-11D3-BF4B-00C04F79EFBC}") = "WideWorldCalendar.Droid", "Droid\WideWorldCalendar.Droid.csproj", "{FA286B01-444C-412B-BBA5-84A7C0F764C9}"
EndProject
Project("{FAE04EC0-301F-11D3-BF4B-00C04F79EFBC}") = "WideWorldCalendar.UITests", "UITests\WideWorldCalendar.UITests.csproj", "{49ECF173-10FF-4CFC-B44F-8DDFE6D11EF4}"
EndProject
Global
	GlobalSection(SolutionConfigurationPlatforms) = preSolution
		Debug|Any CPU = Debug|Any CPU
		Debug|iPhone = Debug|iPhone
		Debug|iPhoneSimulator = Debug|iPhoneSimulator
		Release|Any CPU = Release|Any CPU
		Release|iPhone = Release|iPhone
		Release|iPhoneSimulator = Release|iPhoneSimulator
	EndGlobalSection
	GlobalSection(ProjectConfigurationPlatforms) = postSolution
		{EB52356F-3B24-41F5-BFEE-0B6504E233E5}.Debug|Any CPU.ActiveCfg = Debug|Any CPU
		{EB52356F-3B24-41F5-BFEE-0B6504E233E5}.Debug|Any CPU.Build.0 = Debug|Any CPU
		{EB52356F-3B24-41F5-BFEE-0B6504E233E5}.Debug|iPhone.ActiveCfg = Debug|Any CPU
		{EB52356F-3B24-41F5-BFEE-0B6504E233E5}.Debug|iPhone.Build.0 = Debug|Any CPU
		{EB52356F-3B24-41F5-BFEE-0B6504E233E5}.Debug|iPhoneSimulator.ActiveCfg = Debug|Any CPU
		{EB52356F-3B24-41F5-BFEE-0B6504E233E5}.Debug|iPhoneSimulator.Build.0 = Debug|Any CPU
		{EB52356F-3B24-41F5-BFEE-0B6504E233E5}.Release|Any CPU.ActiveCfg = Release|Any CPU
		{EB52356F-3B24-41F5-BFEE-0B6504E233E5}.Release|Any CPU.Build.0 = Release|Any CPU
		{EB52356F-3B24-41F5-BFEE-0B6504E233E5}.Release|iPhone.ActiveCfg = Release|Any CPU
		{EB52356F-3B24-41F5-BFEE-0B6504E233E5}.Release|iPhone.Build.0 = Release|Any CPU
		{EB52356F-3B24-41F5-BFEE-0B6504E233E5}.Release|iPhoneSimulator.ActiveCfg = Release|Any CPU
		{EB52356F-3B24-41F5-BFEE-0B6504E233E5}.Release|iPhoneSimulator.Build.0 = Release|Any CPU
		{84FD2791-7BC8-450C-B895-F24C13D3FCEE}.Debug|Any CPU.ActiveCfg = Debug|iPhoneSimulator
		{84FD2791-7BC8-450C-B895-F24C13D3FCEE}.Debug|Any CPU.Build.0 = Debug|iPhoneSimulator
		{84FD2791-7BC8-450C-B895-F24C13D3FCEE}.Debug|iPhone.ActiveCfg = Debug|iPhone
		{84FD2791-7BC8-450C-B895-F24C13D3FCEE}.Debug|iPhone.Build.0 = Debug|iPhone
		{84FD2791-7BC8-450C-B895-F24C13D3FCEE}.Debug|iPhoneSimulator.ActiveCfg = Debug|iPhoneSimulator
		{84FD2791-7BC8-450C-B895-F24C13D3FCEE}.Debug|iPhoneSimulator.Build.0 = Debug|iPhoneSimulator
		{84FD2791-7BC8-450C-B895-F24C13D3FCEE}.Release|Any CPU.ActiveCfg = Release|iPhone
		{84FD2791-7BC8-450C-B895-F24C13D3FCEE}.Release|Any CPU.Build.0 = Release|iPhone
		{84FD2791-7BC8-450C-B895-F24C13D3FCEE}.Release|iPhone.ActiveCfg = Release|iPhone
		{84FD2791-7BC8-450C-B895-F24C13D3FCEE}.Release|iPhone.Build.0 = Release|iPhone
		{84FD2791-7BC8-450C-B895-F24C13D3FCEE}.Release|iPhoneSimulator.ActiveCfg = Release|iPhoneSimulator
		{84FD2791-7BC8-450C-B895-F24C13D3FCEE}.Release|iPhoneSimulator.Build.0 = Release|iPhoneSimulator
		{FA286B01-444C-412B-BBA5-84A7C0F764C9}.Debug|Any CPU.ActiveCfg = Debug|Any CPU
		{FA286B01-444C-412B-BBA5-84A7C0F764C9}.Debug|Any CPU.Build.0 = Debug|Any CPU
		{FA286B01-444C-412B-BBA5-84A7C0F764C9}.Debug|Any CPU.Deploy.0 = Debug|Any CPU
		{FA286B01-444C-412B-BBA5-84A7C0F764C9}.Debug|iPhone.ActiveCfg = Debug|Any CPU
		{FA286B01-444C-412B-BBA5-84A7C0F764C9}.Debug|iPhone.Build.0 = Debug|Any CPU
		{FA286B01-444C-412B-BBA5-84A7C0F764C9}.Debug|iPhoneSimulator.ActiveCfg = Debug|Any CPU
		{FA286B01-444C-412B-BBA5-84A7C0F764C9}.Debug|iPhoneSimulator.Build.0 = Debug|Any CPU
		{FA286B01-444C-412B-BBA5-84A7C0F764C9}.Release|Any CPU.ActiveCfg = Release|Any CPU
		{FA286B01-444C-412B-BBA5-84A7C0F764C9}.Release|Any CPU.Build.0 = Release|Any CPU
		{FA286B01-444C-412B-BBA5-84A7C0F764C9}.Release|Any CPU.Deploy.0 = Release|Any CPU
		{FA286B01-444C-412B-BBA5-84A7C0F764C9}.Release|iPhone.ActiveCfg = Release|Any CPU
		{FA286B01-444C-412B-BBA5-84A7C0F764C9}.Release|iPhone.Build.0 = Release|Any CPU
		{FA286B01-444C-412B-BBA5-84A7C0F764C9}.Release|iPhoneSimulator.ActiveCfg = Release|Any CPU
		{FA286B01-444C-412B-BBA5-84A7C0F764C9}.Release|iPhoneSimulator.Build.0 = Release|Any CPU
		{49ECF173-10FF-4CFC-B44F-8DDFE6D11EF4}.Debug|Any CPU.ActiveCfg = Debug|Any CPU
		{49ECF173-10FF-4CFC-B44F-8DDFE6D11EF4}.Debug|Any CPU.Build.0 = Debug|Any CPU
		{49ECF173-10FF-4CFC-B44F-8DDFE6D11EF4}.Debug|iPhone.ActiveCfg = Debug|Any CPU
		{49ECF173-10FF-4CFC-B44F-8DDFE6D11EF4}.Debug|iPhone.Build.0 = Debug|Any CPU
		{49ECF173-10FF-4CFC-B44F-8DDFE6D11EF4}.Debug|iPhoneSimulator.ActiveCfg = Debug|Any CPU
		{49ECF173-10FF-4CFC-B44F-8DDFE6D11EF4}.Debug|iPhoneSimulator.Build.0 = Debug|Any CPU
		{49ECF173-10FF-4CFC-B44F-8DDFE6D11EF4}.Release|Any CPU.ActiveCfg = Release|Any CPU
		{49ECF173-10FF-4CFC-B44F-8DDFE6D11EF4}.Release|Any CPU.Build.0 = Release|Any CPU
		{49ECF173-10FF-4CFC-B44F-8DDFE6D11EF4}.Release|iPhone.ActiveCfg = Release|Any CPU
		{49ECF173-10FF-4CFC-B44F-8DDFE6D11EF4}.Release|iPhone.Build.0 = Release|Any CPU
		{49ECF173-10FF-4CFC-B44F-8DDFE6D11EF4}.Release|iPhoneSimulator.ActiveCfg = Release|Any CPU
		{49ECF173-10FF-4CFC-B44F-8DDFE6D11EF4}.Release|iPhoneSimulator.Build.0 = Release|Any CPU
	EndGlobalSection
	GlobalSection(SolutionProperties) = preSolution
		HideSolutionNode = FALSE
	EndGlobalSection
EndGlobal
