Microsoft Visual Studio Solution File, Format Version 12.00
# Visual Studio 15
VisualStudioVersion = 15.0.27428.2043
MinimumVisualStudioVersion = 10.0.40219.1
Project("{FAE04EC0-301F-11D3-BF4B-00C04F79EFBC}") = "WideWorldCalendar", "WideWorldCalendar\WideWorldCalendar.csproj", "{EB52356F-3B24-41F5-BFEE-0B6504E233E5}"
EndProject
Project("{FAE04EC0-301F-11D3-BF4B-00C04F79EFBC}") = "WideWorldCalendar.iOS", "iOS\WideWorldCalendar.iOS.csproj", "{84FD2791-7BC8-450C-B895-F24C13D3FCEE}"
EndProject
Project("{FAE04EC0-301F-11D3-BF4B-00C04F79EFBC}") = "WideWorldCalendar.Droid", "Droid\WideWorldCalendar.Droid.csproj", "{FA286B01-444C-412B-BBA5-84A7C0F764C9}"
EndProject
Project("{FAE04EC0-301F-11D3-BF4B-00C04F79EFBC}") = "WideWorldCalendar.UITests", "UITests\WideWorldCalendar.UITests.csproj", "{49ECF173-10FF-4CFC-B44F-8DDFE6D11EF4}"
EndProject
Project("{9A19103F-16F7-4668-BE54-9A1E7A4F7556}") = "WideWorldCalendar.Core", "WideWorldCalendar.Core\WideWorldCalendar.Core.csproj", "{09DC94FC-5CBB-4055-904E-66804295991D}"
EndProject
Global
	GlobalSection(SolutionConfigurationPlatforms) = preSolution
		Debug|Any CPU = Debug|Any CPU
		Debug|ARM = Debug|ARM
		Debug|iPhone = Debug|iPhone
		Debug|iPhoneSimulator = Debug|iPhoneSimulator
		Debug|x64 = Debug|x64
		Debug|x86 = Debug|x86
		Release|Any CPU = Release|Any CPU
		Release|ARM = Release|ARM
		Release|iPhone = Release|iPhone
		Release|iPhoneSimulator = Release|iPhoneSimulator
		Release|x64 = Release|x64
		Release|x86 = Release|x86
		UITest|Any CPU = UITest|Any CPU
		UITest|ARM = UITest|ARM
		UITest|iPhone = UITest|iPhone
		UITest|iPhoneSimulator = UITest|iPhoneSimulator
		UITest|x64 = UITest|x64
		UITest|x86 = UITest|x86
	EndGlobalSection
	GlobalSection(ProjectConfigurationPlatforms) = postSolution
		{EB52356F-3B24-41F5-BFEE-0B6504E233E5}.Debug|Any CPU.ActiveCfg = Debug|Any CPU
		{EB52356F-3B24-41F5-BFEE-0B6504E233E5}.Debug|Any CPU.Build.0 = Debug|Any CPU
		{EB52356F-3B24-41F5-BFEE-0B6504E233E5}.Debug|ARM.ActiveCfg = Debug|Any CPU
		{EB52356F-3B24-41F5-BFEE-0B6504E233E5}.Debug|ARM.Build.0 = Debug|Any CPU
		{EB52356F-3B24-41F5-BFEE-0B6504E233E5}.Debug|iPhone.ActiveCfg = Debug|Any CPU
		{EB52356F-3B24-41F5-BFEE-0B6504E233E5}.Debug|iPhone.Build.0 = Debug|Any CPU
		{EB52356F-3B24-41F5-BFEE-0B6504E233E5}.Debug|iPhoneSimulator.ActiveCfg = Debug|Any CPU
		{EB52356F-3B24-41F5-BFEE-0B6504E233E5}.Debug|iPhoneSimulator.Build.0 = Debug|Any CPU
		{EB52356F-3B24-41F5-BFEE-0B6504E233E5}.Debug|x64.ActiveCfg = Debug|Any CPU
		{EB52356F-3B24-41F5-BFEE-0B6504E233E5}.Debug|x64.Build.0 = Debug|Any CPU
		{EB52356F-3B24-41F5-BFEE-0B6504E233E5}.Debug|x86.ActiveCfg = Debug|Any CPU
		{EB52356F-3B24-41F5-BFEE-0B6504E233E5}.Debug|x86.Build.0 = Debug|Any CPU
		{EB52356F-3B24-41F5-BFEE-0B6504E233E5}.Release|Any CPU.ActiveCfg = Release|Any CPU
		{EB52356F-3B24-41F5-BFEE-0B6504E233E5}.Release|Any CPU.Build.0 = Release|Any CPU
		{EB52356F-3B24-41F5-BFEE-0B6504E233E5}.Release|ARM.ActiveCfg = Release|Any CPU
		{EB52356F-3B24-41F5-BFEE-0B6504E233E5}.Release|ARM.Build.0 = Release|Any CPU
		{EB52356F-3B24-41F5-BFEE-0B6504E233E5}.Release|iPhone.ActiveCfg = Release|Any CPU
		{EB52356F-3B24-41F5-BFEE-0B6504E233E5}.Release|iPhone.Build.0 = Release|Any CPU
		{EB52356F-3B24-41F5-BFEE-0B6504E233E5}.Release|iPhoneSimulator.ActiveCfg = Release|Any CPU
		{EB52356F-3B24-41F5-BFEE-0B6504E233E5}.Release|iPhoneSimulator.Build.0 = Release|Any CPU
		{EB52356F-3B24-41F5-BFEE-0B6504E233E5}.Release|x64.ActiveCfg = Release|Any CPU
		{EB52356F-3B24-41F5-BFEE-0B6504E233E5}.Release|x64.Build.0 = Release|Any CPU
		{EB52356F-3B24-41F5-BFEE-0B6504E233E5}.Release|x86.ActiveCfg = Release|Any CPU
		{EB52356F-3B24-41F5-BFEE-0B6504E233E5}.Release|x86.Build.0 = Release|Any CPU
		{EB52356F-3B24-41F5-BFEE-0B6504E233E5}.UITest|Any CPU.ActiveCfg = UITest|Any CPU
		{EB52356F-3B24-41F5-BFEE-0B6504E233E5}.UITest|Any CPU.Build.0 = UITest|Any CPU
		{EB52356F-3B24-41F5-BFEE-0B6504E233E5}.UITest|ARM.ActiveCfg = UITest|Any CPU
		{EB52356F-3B24-41F5-BFEE-0B6504E233E5}.UITest|ARM.Build.0 = UITest|Any CPU
		{EB52356F-3B24-41F5-BFEE-0B6504E233E5}.UITest|iPhone.ActiveCfg = UITest|Any CPU
		{EB52356F-3B24-41F5-BFEE-0B6504E233E5}.UITest|iPhone.Build.0 = UITest|Any CPU
		{EB52356F-3B24-41F5-BFEE-0B6504E233E5}.UITest|iPhoneSimulator.ActiveCfg = UITest|Any CPU
		{EB52356F-3B24-41F5-BFEE-0B6504E233E5}.UITest|iPhoneSimulator.Build.0 = UITest|Any CPU
		{EB52356F-3B24-41F5-BFEE-0B6504E233E5}.UITest|x64.ActiveCfg = UITest|Any CPU
		{EB52356F-3B24-41F5-BFEE-0B6504E233E5}.UITest|x64.Build.0 = UITest|Any CPU
		{EB52356F-3B24-41F5-BFEE-0B6504E233E5}.UITest|x86.ActiveCfg = UITest|Any CPU
		{EB52356F-3B24-41F5-BFEE-0B6504E233E5}.UITest|x86.Build.0 = UITest|Any CPU
		{84FD2791-7BC8-450C-B895-F24C13D3FCEE}.Debug|Any CPU.ActiveCfg = Debug|iPhoneSimulator
		{84FD2791-7BC8-450C-B895-F24C13D3FCEE}.Debug|Any CPU.Build.0 = Debug|iPhoneSimulator
		{84FD2791-7BC8-450C-B895-F24C13D3FCEE}.Debug|ARM.ActiveCfg = Debug|iPhone
		{84FD2791-7BC8-450C-B895-F24C13D3FCEE}.Debug|iPhone.ActiveCfg = Debug|iPhone
		{84FD2791-7BC8-450C-B895-F24C13D3FCEE}.Debug|iPhone.Build.0 = Debug|iPhone
		{84FD2791-7BC8-450C-B895-F24C13D3FCEE}.Debug|iPhoneSimulator.ActiveCfg = Debug|iPhoneSimulator
		{84FD2791-7BC8-450C-B895-F24C13D3FCEE}.Debug|iPhoneSimulator.Build.0 = Debug|iPhoneSimulator
		{84FD2791-7BC8-450C-B895-F24C13D3FCEE}.Debug|x64.ActiveCfg = Debug|iPhone
		{84FD2791-7BC8-450C-B895-F24C13D3FCEE}.Debug|x86.ActiveCfg = Debug|iPhone
		{84FD2791-7BC8-450C-B895-F24C13D3FCEE}.Release|Any CPU.ActiveCfg = Release|iPhone
		{84FD2791-7BC8-450C-B895-F24C13D3FCEE}.Release|Any CPU.Build.0 = Release|iPhone
		{84FD2791-7BC8-450C-B895-F24C13D3FCEE}.Release|ARM.ActiveCfg = Release|iPhoneSimulator
		{84FD2791-7BC8-450C-B895-F24C13D3FCEE}.Release|iPhone.ActiveCfg = Release|iPhone
		{84FD2791-7BC8-450C-B895-F24C13D3FCEE}.Release|iPhone.Build.0 = Release|iPhone
		{84FD2791-7BC8-450C-B895-F24C13D3FCEE}.Release|iPhoneSimulator.ActiveCfg = Release|iPhoneSimulator
		{84FD2791-7BC8-450C-B895-F24C13D3FCEE}.Release|iPhoneSimulator.Build.0 = Release|iPhoneSimulator
		{84FD2791-7BC8-450C-B895-F24C13D3FCEE}.Release|x64.ActiveCfg = Release|iPhoneSimulator
		{84FD2791-7BC8-450C-B895-F24C13D3FCEE}.Release|x86.ActiveCfg = Release|iPhoneSimulator
		{84FD2791-7BC8-450C-B895-F24C13D3FCEE}.UITest|Any CPU.ActiveCfg = UITest|iPhone
		{84FD2791-7BC8-450C-B895-F24C13D3FCEE}.UITest|ARM.ActiveCfg = UITest|iPhoneSimulator
		{84FD2791-7BC8-450C-B895-F24C13D3FCEE}.UITest|iPhone.ActiveCfg = UITest|iPhone
		{84FD2791-7BC8-450C-B895-F24C13D3FCEE}.UITest|iPhone.Build.0 = UITest|iPhone
		{84FD2791-7BC8-450C-B895-F24C13D3FCEE}.UITest|iPhoneSimulator.ActiveCfg = UITest|iPhoneSimulator
		{84FD2791-7BC8-450C-B895-F24C13D3FCEE}.UITest|iPhoneSimulator.Build.0 = UITest|iPhoneSimulator
		{84FD2791-7BC8-450C-B895-F24C13D3FCEE}.UITest|x64.ActiveCfg = UITest|iPhoneSimulator
		{84FD2791-7BC8-450C-B895-F24C13D3FCEE}.UITest|x86.ActiveCfg = UITest|iPhoneSimulator
		{FA286B01-444C-412B-BBA5-84A7C0F764C9}.Debug|Any CPU.ActiveCfg = Debug|Any CPU
		{FA286B01-444C-412B-BBA5-84A7C0F764C9}.Debug|Any CPU.Build.0 = Debug|Any CPU
		{FA286B01-444C-412B-BBA5-84A7C0F764C9}.Debug|Any CPU.Deploy.0 = Debug|Any CPU
		{FA286B01-444C-412B-BBA5-84A7C0F764C9}.Debug|ARM.ActiveCfg = Debug|Any CPU
		{FA286B01-444C-412B-BBA5-84A7C0F764C9}.Debug|ARM.Build.0 = Debug|Any CPU
		{FA286B01-444C-412B-BBA5-84A7C0F764C9}.Debug|ARM.Deploy.0 = Debug|Any CPU
		{FA286B01-444C-412B-BBA5-84A7C0F764C9}.Debug|iPhone.ActiveCfg = Debug|Any CPU
		{FA286B01-444C-412B-BBA5-84A7C0F764C9}.Debug|iPhoneSimulator.ActiveCfg = Debug|Any CPU
		{FA286B01-444C-412B-BBA5-84A7C0F764C9}.Debug|iPhoneSimulator.Build.0 = Debug|Any CPU
		{FA286B01-444C-412B-BBA5-84A7C0F764C9}.Debug|x64.ActiveCfg = Debug|Any CPU
		{FA286B01-444C-412B-BBA5-84A7C0F764C9}.Debug|x64.Build.0 = Debug|Any CPU
		{FA286B01-444C-412B-BBA5-84A7C0F764C9}.Debug|x64.Deploy.0 = Debug|Any CPU
		{FA286B01-444C-412B-BBA5-84A7C0F764C9}.Debug|x86.ActiveCfg = Debug|Any CPU
		{FA286B01-444C-412B-BBA5-84A7C0F764C9}.Debug|x86.Build.0 = Debug|Any CPU
		{FA286B01-444C-412B-BBA5-84A7C0F764C9}.Debug|x86.Deploy.0 = Debug|Any CPU
		{FA286B01-444C-412B-BBA5-84A7C0F764C9}.Release|Any CPU.ActiveCfg = Release|Any CPU
		{FA286B01-444C-412B-BBA5-84A7C0F764C9}.Release|Any CPU.Build.0 = Release|Any CPU
		{FA286B01-444C-412B-BBA5-84A7C0F764C9}.Release|Any CPU.Deploy.0 = Release|Any CPU
		{FA286B01-444C-412B-BBA5-84A7C0F764C9}.Release|ARM.ActiveCfg = Release|Any CPU
		{FA286B01-444C-412B-BBA5-84A7C0F764C9}.Release|ARM.Build.0 = Release|Any CPU
		{FA286B01-444C-412B-BBA5-84A7C0F764C9}.Release|ARM.Deploy.0 = Release|Any CPU
		{FA286B01-444C-412B-BBA5-84A7C0F764C9}.Release|iPhone.ActiveCfg = Release|Any CPU
		{FA286B01-444C-412B-BBA5-84A7C0F764C9}.Release|iPhoneSimulator.ActiveCfg = Release|Any CPU
		{FA286B01-444C-412B-BBA5-84A7C0F764C9}.Release|iPhoneSimulator.Build.0 = Release|Any CPU
		{FA286B01-444C-412B-BBA5-84A7C0F764C9}.Release|x64.ActiveCfg = Release|Any CPU
		{FA286B01-444C-412B-BBA5-84A7C0F764C9}.Release|x64.Build.0 = Release|Any CPU
		{FA286B01-444C-412B-BBA5-84A7C0F764C9}.Release|x64.Deploy.0 = Release|Any CPU
		{FA286B01-444C-412B-BBA5-84A7C0F764C9}.Release|x86.ActiveCfg = Release|Any CPU
		{FA286B01-444C-412B-BBA5-84A7C0F764C9}.Release|x86.Build.0 = Release|Any CPU
		{FA286B01-444C-412B-BBA5-84A7C0F764C9}.Release|x86.Deploy.0 = Release|Any CPU
		{FA286B01-444C-412B-BBA5-84A7C0F764C9}.UITest|Any CPU.ActiveCfg = UITest|Any CPU
		{FA286B01-444C-412B-BBA5-84A7C0F764C9}.UITest|Any CPU.Build.0 = UITest|Any CPU
		{FA286B01-444C-412B-BBA5-84A7C0F764C9}.UITest|Any CPU.Deploy.0 = UITest|Any CPU
		{FA286B01-444C-412B-BBA5-84A7C0F764C9}.UITest|ARM.ActiveCfg = UITest|Any CPU
		{FA286B01-444C-412B-BBA5-84A7C0F764C9}.UITest|ARM.Build.0 = UITest|Any CPU
		{FA286B01-444C-412B-BBA5-84A7C0F764C9}.UITest|ARM.Deploy.0 = UITest|Any CPU
		{FA286B01-444C-412B-BBA5-84A7C0F764C9}.UITest|iPhone.ActiveCfg = UITest|Any CPU
		{FA286B01-444C-412B-BBA5-84A7C0F764C9}.UITest|iPhone.Build.0 = UITest|Any CPU
		{FA286B01-444C-412B-BBA5-84A7C0F764C9}.UITest|iPhone.Deploy.0 = UITest|Any CPU
		{FA286B01-444C-412B-BBA5-84A7C0F764C9}.UITest|iPhoneSimulator.ActiveCfg = UITest|Any CPU
		{FA286B01-444C-412B-BBA5-84A7C0F764C9}.UITest|iPhoneSimulator.Build.0 = UITest|Any CPU
		{FA286B01-444C-412B-BBA5-84A7C0F764C9}.UITest|iPhoneSimulator.Deploy.0 = UITest|Any CPU
		{FA286B01-444C-412B-BBA5-84A7C0F764C9}.UITest|x64.ActiveCfg = UITest|Any CPU
		{FA286B01-444C-412B-BBA5-84A7C0F764C9}.UITest|x64.Build.0 = UITest|Any CPU
		{FA286B01-444C-412B-BBA5-84A7C0F764C9}.UITest|x64.Deploy.0 = UITest|Any CPU
		{FA286B01-444C-412B-BBA5-84A7C0F764C9}.UITest|x86.ActiveCfg = UITest|Any CPU
		{FA286B01-444C-412B-BBA5-84A7C0F764C9}.UITest|x86.Build.0 = UITest|Any CPU
		{FA286B01-444C-412B-BBA5-84A7C0F764C9}.UITest|x86.Deploy.0 = UITest|Any CPU
		{49ECF173-10FF-4CFC-B44F-8DDFE6D11EF4}.Debug|Any CPU.ActiveCfg = Debug|Any CPU
		{49ECF173-10FF-4CFC-B44F-8DDFE6D11EF4}.Debug|Any CPU.Build.0 = Debug|Any CPU
		{49ECF173-10FF-4CFC-B44F-8DDFE6D11EF4}.Debug|ARM.ActiveCfg = Debug|Any CPU
		{49ECF173-10FF-4CFC-B44F-8DDFE6D11EF4}.Debug|ARM.Build.0 = Debug|Any CPU
		{49ECF173-10FF-4CFC-B44F-8DDFE6D11EF4}.Debug|iPhone.ActiveCfg = Debug|Any CPU
		{49ECF173-10FF-4CFC-B44F-8DDFE6D11EF4}.Debug|iPhone.Build.0 = Debug|Any CPU
		{49ECF173-10FF-4CFC-B44F-8DDFE6D11EF4}.Debug|iPhoneSimulator.ActiveCfg = Debug|Any CPU
		{49ECF173-10FF-4CFC-B44F-8DDFE6D11EF4}.Debug|iPhoneSimulator.Build.0 = Debug|Any CPU
		{49ECF173-10FF-4CFC-B44F-8DDFE6D11EF4}.Debug|x64.ActiveCfg = Debug|Any CPU
		{49ECF173-10FF-4CFC-B44F-8DDFE6D11EF4}.Debug|x64.Build.0 = Debug|Any CPU
		{49ECF173-10FF-4CFC-B44F-8DDFE6D11EF4}.Debug|x86.ActiveCfg = Debug|Any CPU
		{49ECF173-10FF-4CFC-B44F-8DDFE6D11EF4}.Debug|x86.Build.0 = Debug|Any CPU
		{49ECF173-10FF-4CFC-B44F-8DDFE6D11EF4}.Release|Any CPU.ActiveCfg = Release|Any CPU
		{49ECF173-10FF-4CFC-B44F-8DDFE6D11EF4}.Release|Any CPU.Build.0 = Release|Any CPU
		{49ECF173-10FF-4CFC-B44F-8DDFE6D11EF4}.Release|ARM.ActiveCfg = Release|Any CPU
		{49ECF173-10FF-4CFC-B44F-8DDFE6D11EF4}.Release|ARM.Build.0 = Release|Any CPU
		{49ECF173-10FF-4CFC-B44F-8DDFE6D11EF4}.Release|iPhone.ActiveCfg = Release|Any CPU
		{49ECF173-10FF-4CFC-B44F-8DDFE6D11EF4}.Release|iPhone.Build.0 = Release|Any CPU
		{49ECF173-10FF-4CFC-B44F-8DDFE6D11EF4}.Release|iPhoneSimulator.ActiveCfg = Release|Any CPU
		{49ECF173-10FF-4CFC-B44F-8DDFE6D11EF4}.Release|iPhoneSimulator.Build.0 = Release|Any CPU
		{49ECF173-10FF-4CFC-B44F-8DDFE6D11EF4}.Release|x64.ActiveCfg = Release|Any CPU
		{49ECF173-10FF-4CFC-B44F-8DDFE6D11EF4}.Release|x64.Build.0 = Release|Any CPU
		{49ECF173-10FF-4CFC-B44F-8DDFE6D11EF4}.Release|x86.ActiveCfg = Release|Any CPU
		{49ECF173-10FF-4CFC-B44F-8DDFE6D11EF4}.Release|x86.Build.0 = Release|Any CPU
		{49ECF173-10FF-4CFC-B44F-8DDFE6D11EF4}.UITest|Any CPU.ActiveCfg = UITest|Any CPU
		{49ECF173-10FF-4CFC-B44F-8DDFE6D11EF4}.UITest|Any CPU.Build.0 = UITest|Any CPU
		{49ECF173-10FF-4CFC-B44F-8DDFE6D11EF4}.UITest|ARM.ActiveCfg = UITest|Any CPU
		{49ECF173-10FF-4CFC-B44F-8DDFE6D11EF4}.UITest|ARM.Build.0 = UITest|Any CPU
		{49ECF173-10FF-4CFC-B44F-8DDFE6D11EF4}.UITest|iPhone.ActiveCfg = UITest|Any CPU
		{49ECF173-10FF-4CFC-B44F-8DDFE6D11EF4}.UITest|iPhone.Build.0 = UITest|Any CPU
		{49ECF173-10FF-4CFC-B44F-8DDFE6D11EF4}.UITest|iPhoneSimulator.ActiveCfg = UITest|Any CPU
		{49ECF173-10FF-4CFC-B44F-8DDFE6D11EF4}.UITest|iPhoneSimulator.Build.0 = UITest|Any CPU
		{49ECF173-10FF-4CFC-B44F-8DDFE6D11EF4}.UITest|x64.ActiveCfg = UITest|Any CPU
		{49ECF173-10FF-4CFC-B44F-8DDFE6D11EF4}.UITest|x64.Build.0 = UITest|Any CPU
		{49ECF173-10FF-4CFC-B44F-8DDFE6D11EF4}.UITest|x86.ActiveCfg = UITest|Any CPU
		{49ECF173-10FF-4CFC-B44F-8DDFE6D11EF4}.UITest|x86.Build.0 = UITest|Any CPU
		{09DC94FC-5CBB-4055-904E-66804295991D}.Debug|Any CPU.ActiveCfg = Debug|Any CPU
		{09DC94FC-5CBB-4055-904E-66804295991D}.Debug|Any CPU.Build.0 = Debug|Any CPU
		{09DC94FC-5CBB-4055-904E-66804295991D}.Debug|ARM.ActiveCfg = Debug|Any CPU
		{09DC94FC-5CBB-4055-904E-66804295991D}.Debug|ARM.Build.0 = Debug|Any CPU
		{09DC94FC-5CBB-4055-904E-66804295991D}.Debug|iPhone.ActiveCfg = Debug|Any CPU
		{09DC94FC-5CBB-4055-904E-66804295991D}.Debug|iPhone.Build.0 = Debug|Any CPU
		{09DC94FC-5CBB-4055-904E-66804295991D}.Debug|iPhoneSimulator.ActiveCfg = Debug|Any CPU
		{09DC94FC-5CBB-4055-904E-66804295991D}.Debug|iPhoneSimulator.Build.0 = Debug|Any CPU
		{09DC94FC-5CBB-4055-904E-66804295991D}.Debug|x64.ActiveCfg = Debug|Any CPU
		{09DC94FC-5CBB-4055-904E-66804295991D}.Debug|x64.Build.0 = Debug|Any CPU
		{09DC94FC-5CBB-4055-904E-66804295991D}.Debug|x86.ActiveCfg = Debug|Any CPU
		{09DC94FC-5CBB-4055-904E-66804295991D}.Debug|x86.Build.0 = Debug|Any CPU
		{09DC94FC-5CBB-4055-904E-66804295991D}.Release|Any CPU.ActiveCfg = Release|Any CPU
		{09DC94FC-5CBB-4055-904E-66804295991D}.Release|Any CPU.Build.0 = Release|Any CPU
		{09DC94FC-5CBB-4055-904E-66804295991D}.Release|ARM.ActiveCfg = Release|Any CPU
		{09DC94FC-5CBB-4055-904E-66804295991D}.Release|ARM.Build.0 = Release|Any CPU
		{09DC94FC-5CBB-4055-904E-66804295991D}.Release|iPhone.ActiveCfg = Release|Any CPU
		{09DC94FC-5CBB-4055-904E-66804295991D}.Release|iPhone.Build.0 = Release|Any CPU
		{09DC94FC-5CBB-4055-904E-66804295991D}.Release|iPhoneSimulator.ActiveCfg = Release|Any CPU
		{09DC94FC-5CBB-4055-904E-66804295991D}.Release|iPhoneSimulator.Build.0 = Release|Any CPU
		{09DC94FC-5CBB-4055-904E-66804295991D}.Release|x64.ActiveCfg = Release|Any CPU
		{09DC94FC-5CBB-4055-904E-66804295991D}.Release|x64.Build.0 = Release|Any CPU
		{09DC94FC-5CBB-4055-904E-66804295991D}.Release|x86.ActiveCfg = Release|Any CPU
		{09DC94FC-5CBB-4055-904E-66804295991D}.Release|x86.Build.0 = Release|Any CPU
		{09DC94FC-5CBB-4055-904E-66804295991D}.UITest|Any CPU.ActiveCfg = Debug|Any CPU
		{09DC94FC-5CBB-4055-904E-66804295991D}.UITest|Any CPU.Build.0 = Debug|Any CPU
		{09DC94FC-5CBB-4055-904E-66804295991D}.UITest|ARM.ActiveCfg = Debug|Any CPU
		{09DC94FC-5CBB-4055-904E-66804295991D}.UITest|ARM.Build.0 = Debug|Any CPU
		{09DC94FC-5CBB-4055-904E-66804295991D}.UITest|iPhone.ActiveCfg = Debug|Any CPU
		{09DC94FC-5CBB-4055-904E-66804295991D}.UITest|iPhone.Build.0 = Debug|Any CPU
		{09DC94FC-5CBB-4055-904E-66804295991D}.UITest|iPhoneSimulator.ActiveCfg = Debug|Any CPU
		{09DC94FC-5CBB-4055-904E-66804295991D}.UITest|iPhoneSimulator.Build.0 = Debug|Any CPU
		{09DC94FC-5CBB-4055-904E-66804295991D}.UITest|x64.ActiveCfg = Debug|Any CPU
		{09DC94FC-5CBB-4055-904E-66804295991D}.UITest|x64.Build.0 = Debug|Any CPU
		{09DC94FC-5CBB-4055-904E-66804295991D}.UITest|x86.ActiveCfg = Debug|Any CPU
		{09DC94FC-5CBB-4055-904E-66804295991D}.UITest|x86.Build.0 = Debug|Any CPU
	EndGlobalSection
	GlobalSection(SolutionProperties) = preSolution
		HideSolutionNode = FALSE
	EndGlobalSection
	GlobalSection(ExtensibilityGlobals) = postSolution
		SolutionGuid = {6836547E-279A-4D7F-9E5C-7A7FC15DD499}
	EndGlobalSection
EndGlobal
